// !$*UTF8*$!
{
	archiveVersion = 1;
	classes = {
	};
	objectVersion = 46;
	objects = {

/* Begin PBXBuildFile section */
		E952AF6F1DE6BE010004C576 /* main.m in Sources */ = {isa = PBXBuildFile; fileRef = E952AF6E1DE6BE010004C576 /* main.m */; };
		E952AF721DE6BE010004C576 /* AppDelegate.m in Sources */ = {isa = PBXBuildFile; fileRef = E952AF711DE6BE010004C576 /* AppDelegate.m */; };
		E952AF781DE6BE010004C576 /* Main.storyboard in Resources */ = {isa = PBXBuildFile; fileRef = E952AF761DE6BE010004C576 /* Main.storyboard */; };
		E952AF7A1DE6BE010004C576 /* Assets.xcassets in Resources */ = {isa = PBXBuildFile; fileRef = E952AF791DE6BE010004C576 /* Assets.xcassets */; };
		E952AF7D1DE6BE010004C576 /* LaunchScreen.storyboard in Resources */ = {isa = PBXBuildFile; fileRef = E952AF7B1DE6BE010004C576 /* LaunchScreen.storyboard */; };
		E952AF8D1DE6BF1E0004C576 /* libRNImagePicker.a in Frameworks */ = {isa = PBXBuildFile; fileRef = E952AF601DE6BD150004C576 /* libRNImagePicker.a */; };
		E952AF8E1DE6BF1E0004C576 /* libRNVectorIcons.a in Frameworks */ = {isa = PBXBuildFile; fileRef = E952AF651DE6BD150004C576 /* libRNVectorIcons.a */; };
		FEF14CC11DE805EB004C31F7 /* libRCTCamera.a in Frameworks */ = {isa = PBXBuildFile; fileRef = FEF14CBE1DE805D7004C31F7 /* libRCTCamera.a */; };
/* End PBXBuildFile section */

/* Begin PBXContainerItemProxy section */
		E952AF5F1DE6BD150004C576 /* PBXContainerItemProxy */ = {
			isa = PBXContainerItemProxy;
			containerPortal = BCC320545A1341BD9DB31A02 /* RNImagePicker.xcodeproj */;
			proxyType = 2;
			remoteGlobalIDString = 014A3B5C1C6CF33500B6D375;
			remoteInfo = RNImagePicker;
		};
		E952AF641DE6BD150004C576 /* PBXContainerItemProxy */ = {
			isa = PBXContainerItemProxy;
			containerPortal = 903A284A67DE429B86534B86 /* RNVectorIcons.xcodeproj */;
			proxyType = 2;
			remoteGlobalIDString = 5DBEB1501B18CEA900B34395;
			remoteInfo = RNVectorIcons;
		};
		FEF14CBD1DE805D7004C31F7 /* PBXContainerItemProxy */ = {
			isa = PBXContainerItemProxy;
			containerPortal = FEF14CB91DE805D7004C31F7 /* RCTCamera.xcodeproj */;
			proxyType = 2;
			remoteGlobalIDString = 4107012F1ACB723B00C6AA39;
			remoteInfo = RCTCamera;
		};
/* End PBXContainerItemProxy section */

/* Begin PBXFileReference section */
		07C3B5F4470949F0B2853AEE /* Zocial.ttf */ = {isa = PBXFileReference; explicitFileType = undefined; fileEncoding = 9; includeInIndex = 0; lastKnownFileType = unknown; name = Zocial.ttf; path = "../node_modules/react-native-vector-icons/Fonts/Zocial.ttf"; sourceTree = "<group>"; };
		23CBF44584674B05B7E405A3 /* FontAwesome.ttf */ = {isa = PBXFileReference; explicitFileType = undefined; fileEncoding = 9; includeInIndex = 0; lastKnownFileType = unknown; name = FontAwesome.ttf; path = "../node_modules/react-native-vector-icons/Fonts/FontAwesome.ttf"; sourceTree = "<group>"; };
		3906E1C66C494341A6B045EA /* EvilIcons.ttf */ = {isa = PBXFileReference; explicitFileType = undefined; fileEncoding = 9; includeInIndex = 0; lastKnownFileType = unknown; name = EvilIcons.ttf; path = "../node_modules/react-native-vector-icons/Fonts/EvilIcons.ttf"; sourceTree = "<group>"; };
		903A284A67DE429B86534B86 /* RNVectorIcons.xcodeproj */ = {isa = PBXFileReference; explicitFileType = undefined; fileEncoding = 9; includeInIndex = 0; lastKnownFileType = "wrapper.pb-project"; name = RNVectorIcons.xcodeproj; path = "../node_modules/react-native-vector-icons/RNVectorIcons.xcodeproj"; sourceTree = "<group>"; };
		A469F9270DDE454AAECB6340 /* Octicons.ttf */ = {isa = PBXFileReference; explicitFileType = undefined; fileEncoding = 9; includeInIndex = 0; lastKnownFileType = unknown; name = Octicons.ttf; path = "../node_modules/react-native-vector-icons/Fonts/Octicons.ttf"; sourceTree = "<group>"; };
		A88D922ED3A545F1A5CBACE9 /* MaterialIcons.ttf */ = {isa = PBXFileReference; explicitFileType = undefined; fileEncoding = 9; includeInIndex = 0; lastKnownFileType = unknown; name = MaterialIcons.ttf; path = "../node_modules/react-native-vector-icons/Fonts/MaterialIcons.ttf"; sourceTree = "<group>"; };
		BCC320545A1341BD9DB31A02 /* RNImagePicker.xcodeproj */ = {isa = PBXFileReference; explicitFileType = undefined; fileEncoding = 9; includeInIndex = 0; lastKnownFileType = "wrapper.pb-project"; name = RNImagePicker.xcodeproj; path = "../node_modules/react-native-image-picker/ios/RNImagePicker.xcodeproj"; sourceTree = "<group>"; };
		BFB155721395473A9E10FACE /* Ionicons.ttf */ = {isa = PBXFileReference; explicitFileType = undefined; fileEncoding = 9; includeInIndex = 0; lastKnownFileType = unknown; name = Ionicons.ttf; path = "../node_modules/react-native-vector-icons/Fonts/Ionicons.ttf"; sourceTree = "<group>"; };
		C213710599E74F0CA922985B /* Foundation.ttf */ = {isa = PBXFileReference; explicitFileType = undefined; fileEncoding = 9; includeInIndex = 0; lastKnownFileType = unknown; name = Foundation.ttf; path = "../node_modules/react-native-vector-icons/Fonts/Foundation.ttf"; sourceTree = "<group>"; };
		CEE4B184F9C14572A5AC0262 /* Entypo.ttf */ = {isa = PBXFileReference; explicitFileType = undefined; fileEncoding = 9; includeInIndex = 0; lastKnownFileType = unknown; name = Entypo.ttf; path = "../node_modules/react-native-vector-icons/Fonts/Entypo.ttf"; sourceTree = "<group>"; };
		E952AF6B1DE6BE010004C576 /* <%= name %>.app */ = {isa = PBXFileReference; explicitFileType = wrapper.application; includeInIndex = 0; path = <%= name %>.app; sourceTree = BUILT_PRODUCTS_DIR; };
		E952AF6E1DE6BE010004C576 /* main.m */ = {isa = PBXFileReference; lastKnownFileType = sourcecode.c.objc; path = main.m; sourceTree = "<group>"; };
		E952AF701DE6BE010004C576 /* AppDelegate.h */ = {isa = PBXFileReference; lastKnownFileType = sourcecode.c.h; path = AppDelegate.h; sourceTree = "<group>"; };
		E952AF711DE6BE010004C576 /* AppDelegate.m */ = {isa = PBXFileReference; lastKnownFileType = sourcecode.c.objc; path = AppDelegate.m; sourceTree = "<group>"; };
		E952AF771DE6BE010004C576 /* Base */ = {isa = PBXFileReference; lastKnownFileType = file.storyboard; name = Base; path = Base.lproj/Main.storyboard; sourceTree = "<group>"; };
		E952AF791DE6BE010004C576 /* Assets.xcassets */ = {isa = PBXFileReference; lastKnownFileType = folder.assetcatalog; path = Assets.xcassets; sourceTree = "<group>"; };
		E952AF7C1DE6BE010004C576 /* Base */ = {isa = PBXFileReference; lastKnownFileType = file.storyboard; name = Base; path = Base.lproj/LaunchScreen.storyboard; sourceTree = "<group>"; };
		E952AF7E1DE6BE010004C576 /* Info.plist */ = {isa = PBXFileReference; lastKnownFileType = text.plist.xml; path = Info.plist; sourceTree = "<group>"; };
		FEF14CB91DE805D7004C31F7 /* RCTCamera.xcodeproj */ = {isa = PBXFileReference; lastKnownFileType = "wrapper.pb-project"; name = RCTCamera.xcodeproj; path = "../node_modules/react-native-camera/ios/RCTCamera.xcodeproj"; sourceTree = "<group>"; };
/* End PBXFileReference section */

/* Begin PBXFrameworksBuildPhase section */
		E952AF681DE6BE010004C576 /* Frameworks */ = {
			isa = PBXFrameworksBuildPhase;
			buildActionMask = 2147483647;
			files = (
				FEF14CC11DE805EB004C31F7 /* libRCTCamera.a in Frameworks */,
				E952AF8D1DE6BF1E0004C576 /* libRNImagePicker.a in Frameworks */,
				E952AF8E1DE6BF1E0004C576 /* libRNVectorIcons.a in Frameworks */,
			);
			runOnlyForDeploymentPostprocessing = 0;
		};
/* End PBXFrameworksBuildPhase section */

/* Begin PBXGroup section */
		832341AE1AAA6A7D00B99B32 /* Libraries */ = {
			isa = PBXGroup;
			children = (
				FEF14CB91DE805D7004C31F7 /* RCTCamera.xcodeproj */,
				BCC320545A1341BD9DB31A02 /* RNImagePicker.xcodeproj */,
				903A284A67DE429B86534B86 /* RNVectorIcons.xcodeproj */,
			);
			name = Libraries;
			sourceTree = "<group>";
		};
		83CBB9F61A601CBA00E9B192 = {
			isa = PBXGroup;
			children = (
				832341AE1AAA6A7D00B99B32 /* Libraries */,
				E952AF6C1DE6BE010004C576 /* <%= name %> */,
				83CBBA001A601CBA00E9B192 /* Products */,
				A4FD7BC2AD844065AADAE533 /* Resources */,
			);
			indentWidth = 2;
			sourceTree = "<group>";
			tabWidth = 2;
		};
		83CBBA001A601CBA00E9B192 /* Products */ = {
			isa = PBXGroup;
			children = (
				E952AF6B1DE6BE010004C576 /* <%= name %>.app */,
			);
			name = Products;
			sourceTree = "<group>";
		};
		A4FD7BC2AD844065AADAE533 /* Resources */ = {
			isa = PBXGroup;
			children = (
				CEE4B184F9C14572A5AC0262 /* Entypo.ttf */,
				3906E1C66C494341A6B045EA /* EvilIcons.ttf */,
				23CBF44584674B05B7E405A3 /* FontAwesome.ttf */,
				C213710599E74F0CA922985B /* Foundation.ttf */,
				BFB155721395473A9E10FACE /* Ionicons.ttf */,
				A88D922ED3A545F1A5CBACE9 /* MaterialIcons.ttf */,
				A469F9270DDE454AAECB6340 /* Octicons.ttf */,
				07C3B5F4470949F0B2853AEE /* Zocial.ttf */,
			);
			name = Resources;
			sourceTree = "<group>";
		};
		E952AF3D1DE6BD150004C576 /* Products */ = {
			isa = PBXGroup;
			children = (
				E952AF601DE6BD150004C576 /* libRNImagePicker.a */,
			);
			name = Products;
			sourceTree = "<group>";
		};
		E952AF611DE6BD150004C576 /* Products */ = {
			isa = PBXGroup;
			children = (
				E952AF651DE6BD150004C576 /* libRNVectorIcons.a */,
			);
			name = Products;
			sourceTree = "<group>";
		};
		E952AF6C1DE6BE010004C576 /* <%= name %> */ = {
			isa = PBXGroup;
			children = (
				E952AF701DE6BE010004C576 /* AppDelegate.h */,
				E952AF711DE6BE010004C576 /* AppDelegate.m */,
				E952AF6D1DE6BE010004C576 /* Supporting Files */,
			);
			path = <%= name %>;
			sourceTree = "<group>";
		};
		E952AF6D1DE6BE010004C576 /* Supporting Files */ = {
			isa = PBXGroup;
			children = (
				E952AF761DE6BE010004C576 /* Main.storyboard */,
				E952AF791DE6BE010004C576 /* Assets.xcassets */,
				E952AF7B1DE6BE010004C576 /* LaunchScreen.storyboard */,
				E952AF7E1DE6BE010004C576 /* Info.plist */,
				E952AF6E1DE6BE010004C576 /* main.m */,
			);
			name = "Supporting Files";
			sourceTree = "<group>";
		};
		FEF14CBA1DE805D7004C31F7 /* Products */ = {
			isa = PBXGroup;
			children = (
				FEF14CBE1DE805D7004C31F7 /* libRCTCamera.a */,
			);
			name = Products;
			sourceTree = "<group>";
		};
/* End PBXGroup section */

/* Begin PBXNativeTarget section */
		E952AF6A1DE6BE010004C576 /* <%= name %> */ = {
			isa = PBXNativeTarget;
			buildConfigurationList = E952AF7F1DE6BE010004C576 /* Build configuration list for PBXNativeTarget "<%= name %>" */;
			buildPhases = (
				AFAB9AB417EA0217F4FF2166 /* [CP] Check Pods Manifest.lock */,
				E952AF671DE6BE010004C576 /* Sources */,
				E952AF681DE6BE010004C576 /* Frameworks */,
				E952AF691DE6BE010004C576 /* Resources */,
				2456037B9DE2F41359F60422 /* [CP] Embed Pods Frameworks */,
				46ECCD475323C5DB4190730C /* [CP] Copy Pods Resources */,
				E952AF821DE6BE820004C576 /* Bundle React Native code and images */,
				E952AF841DE6BE960004C576 /* Build LAB4 Config */,
			);
			buildRules = (
			);
			dependencies = (
			);
			name = <%= name %>;
			productName = <%= name %>;
			productReference = E952AF6B1DE6BE010004C576 /* <%= name %>.app */;
			productType = "com.apple.product-type.application";
		};
/* End PBXNativeTarget section */

/* Begin PBXProject section */
		83CBB9F71A601CBA00E9B192 /* Project object */ = {
			isa = PBXProject;
			attributes = {
				LastUpgradeCheck = 610;
				ORGANIZATIONNAME = Facebook;
				TargetAttributes = {
					E952AF6A1DE6BE010004C576 = {
						CreatedOnToolsVersion = 8.1;
						ProvisioningStyle = Automatic;
					};
				};
			};
			buildConfigurationList = 83CBB9FA1A601CBA00E9B192 /* Build configuration list for PBXProject "<%= name %>" */;
			compatibilityVersion = "Xcode 3.2";
			developmentRegion = English;
			hasScannedForEncodings = 0;
			knownRegions = (
				en,
				Base,
			);
			mainGroup = 83CBB9F61A601CBA00E9B192;
			productRefGroup = 83CBBA001A601CBA00E9B192 /* Products */;
			projectDirPath = "";
			projectReferences = (
				{
					ProductGroup = FEF14CBA1DE805D7004C31F7 /* Products */;
					ProjectRef = FEF14CB91DE805D7004C31F7 /* RCTCamera.xcodeproj */;
				},
				{
					ProductGroup = E952AF3D1DE6BD150004C576 /* Products */;
					ProjectRef = BCC320545A1341BD9DB31A02 /* RNImagePicker.xcodeproj */;
				},
				{
					ProductGroup = E952AF611DE6BD150004C576 /* Products */;
					ProjectRef = 903A284A67DE429B86534B86 /* RNVectorIcons.xcodeproj */;
				},
			);
			projectRoot = "";
			targets = (
				E952AF6A1DE6BE010004C576 /* <%= name %> */,
			);
		};
/* End PBXProject section */

/* Begin PBXReferenceProxy section */
		E952AF601DE6BD150004C576 /* libRNImagePicker.a */ = {
			isa = PBXReferenceProxy;
			fileType = archive.ar;
			path = libRNImagePicker.a;
			remoteRef = E952AF5F1DE6BD150004C576 /* PBXContainerItemProxy */;
			sourceTree = BUILT_PRODUCTS_DIR;
		};
		E952AF651DE6BD150004C576 /* libRNVectorIcons.a */ = {
			isa = PBXReferenceProxy;
			fileType = archive.ar;
			path = libRNVectorIcons.a;
			remoteRef = E952AF641DE6BD150004C576 /* PBXContainerItemProxy */;
			sourceTree = BUILT_PRODUCTS_DIR;
		};
		FEF14CBE1DE805D7004C31F7 /* libRCTCamera.a */ = {
			isa = PBXReferenceProxy;
			fileType = archive.ar;
			path = libRCTCamera.a;
			remoteRef = FEF14CBD1DE805D7004C31F7 /* PBXContainerItemProxy */;
			sourceTree = BUILT_PRODUCTS_DIR;
		};
/* End PBXReferenceProxy section */

/* Begin PBXResourcesBuildPhase section */
		E952AF691DE6BE010004C576 /* Resources */ = {
			isa = PBXResourcesBuildPhase;
			buildActionMask = 2147483647;
			files = (
				E952AF7D1DE6BE010004C576 /* LaunchScreen.storyboard in Resources */,
				E952AF7A1DE6BE010004C576 /* Assets.xcassets in Resources */,
				E952AF781DE6BE010004C576 /* Main.storyboard in Resources */,
			);
			runOnlyForDeploymentPostprocessing = 0;
		};
/* End PBXResourcesBuildPhase section */

/* Begin PBXShellScriptBuildPhase section */
		2456037B9DE2F41359F60422 /* [CP] Embed Pods Frameworks */ = {
			isa = PBXShellScriptBuildPhase;
			buildActionMask = 2147483647;
			files = (
			);
			inputPaths = (
			);
			name = "[CP] Embed Pods Frameworks";
			outputPaths = (
			);
			runOnlyForDeploymentPostprocessing = 0;
			shellPath = /bin/sh;
			shellScript = "\"${SRCROOT}/Pods/Target Support Files/Pods-<%= name %>/Pods-<%= name %>-frameworks.sh\"\n";
			showEnvVarsInLog = 0;
		};
		46ECCD475323C5DB4190730C /* [CP] Copy Pods Resources */ = {
			isa = PBXShellScriptBuildPhase;
			buildActionMask = 2147483647;
			files = (
			);
			inputPaths = (
			);
			name = "[CP] Copy Pods Resources";
			outputPaths = (
			);
			runOnlyForDeploymentPostprocessing = 0;
			shellPath = /bin/sh;
			shellScript = "\"${SRCROOT}/Pods/Target Support Files/Pods-<%= name %>/Pods-<%= name %>-resources.sh\"\n";
			showEnvVarsInLog = 0;
		};
		AFAB9AB417EA0217F4FF2166 /* [CP] Check Pods Manifest.lock */ = {
			isa = PBXShellScriptBuildPhase;
			buildActionMask = 2147483647;
			files = (
			);
			inputPaths = (
			);
			name = "[CP] Check Pods Manifest.lock";
			outputPaths = (
			);
			runOnlyForDeploymentPostprocessing = 0;
			shellPath = /bin/sh;
			shellScript = "diff \"${PODS_ROOT}/../Podfile.lock\" \"${PODS_ROOT}/Manifest.lock\" > /dev/null\nif [[ $? != 0 ]] ; then\n    cat << EOM\nerror: The sandbox is not in sync with the Podfile.lock. Run 'pod install' or update your CocoaPods installation.\nEOM\n    exit 1\nfi\n";
			showEnvVarsInLog = 0;
		};
		E952AF821DE6BE820004C576 /* Bundle React Native code and images */ = {
			isa = PBXShellScriptBuildPhase;
			buildActionMask = 2147483647;
			files = (
			);
			inputPaths = (
			);
			name = "Bundle React Native code and images";
			outputPaths = (
			);
			runOnlyForDeploymentPostprocessing = 0;
			shellPath = /bin/sh;
			shellScript = "export NODE_BINARY=node\nexport ENTRY_FILE=<%= entryFile %>.js\n../node_modules/lab4/local-cli/react-native-xcode.sh";
		};
		E952AF841DE6BE960004C576 /* Build LAB4 Config */ = {
			isa = PBXShellScriptBuildPhase;
			buildActionMask = 2147483647;
			files = (
			);
			inputPaths = (
			);
			name = "Build LAB4 Config";
			outputPaths = (
			);
			runOnlyForDeploymentPostprocessing = 0;
			shellPath = /bin/sh;
			shellScript = "export NODE_BINARY=node\nexport LAB_TARGET_NAME=<%= moduleName %>\n../node_modules/lab4/local-cli/lab-xcode.sh";
		};
/* End PBXShellScriptBuildPhase section */

/* Begin PBXSourcesBuildPhase section */
		E952AF671DE6BE010004C576 /* Sources */ = {
			isa = PBXSourcesBuildPhase;
			buildActionMask = 2147483647;
			files = (
				E952AF721DE6BE010004C576 /* AppDelegate.m in Sources */,
				E952AF6F1DE6BE010004C576 /* main.m in Sources */,
			);
			runOnlyForDeploymentPostprocessing = 0;
		};
/* End PBXSourcesBuildPhase section */

/* Begin PBXVariantGroup section */
		E952AF761DE6BE010004C576 /* Main.storyboard */ = {
			isa = PBXVariantGroup;
			children = (
				E952AF771DE6BE010004C576 /* Base */,
			);
			name = Main.storyboard;
			sourceTree = "<group>";
		};
		E952AF7B1DE6BE010004C576 /* LaunchScreen.storyboard */ = {
			isa = PBXVariantGroup;
			children = (
				E952AF7C1DE6BE010004C576 /* Base */,
			);
			name = LaunchScreen.storyboard;
			sourceTree = "<group>";
		};
/* End PBXVariantGroup section */

/* Begin XCBuildConfiguration section */
		83CBBA201A601CBA00E9B192 /* Debug */ = {
			isa = XCBuildConfiguration;
			buildSettings = {
				ALWAYS_SEARCH_USER_PATHS = NO;
				CLANG_CXX_LANGUAGE_STANDARD = "gnu++0x";
				CLANG_CXX_LIBRARY = "libc++";
				CLANG_ENABLE_MODULES = YES;
				CLANG_ENABLE_OBJC_ARC = YES;
				CLANG_WARN_BOOL_CONVERSION = YES;
				CLANG_WARN_CONSTANT_CONVERSION = YES;
				CLANG_WARN_DIRECT_OBJC_ISA_USAGE = YES_ERROR;
				CLANG_WARN_EMPTY_BODY = YES;
				CLANG_WARN_ENUM_CONVERSION = YES;
				CLANG_WARN_INT_CONVERSION = YES;
				CLANG_WARN_OBJC_ROOT_CLASS = YES_ERROR;
				CLANG_WARN_UNREACHABLE_CODE = YES;
				CLANG_WARN__DUPLICATE_METHOD_MATCH = YES;
				"CODE_SIGN_IDENTITY[sdk=iphoneos*]" = "iPhone Developer";
				COPY_PHASE_STRIP = NO;
				ENABLE_STRICT_OBJC_MSGSEND = YES;
				GCC_C_LANGUAGE_STANDARD = gnu99;
				GCC_DYNAMIC_NO_PIC = NO;
				GCC_OPTIMIZATION_LEVEL = 0;
				GCC_PREPROCESSOR_DEFINITIONS = (
					"DEBUG=1",
					"$(inherited)",
				);
				GCC_SYMBOLS_PRIVATE_EXTERN = NO;
				GCC_WARN_64_TO_32_BIT_CONVERSION = YES;
				GCC_WARN_ABOUT_RETURN_TYPE = YES_ERROR;
				GCC_WARN_UNDECLARED_SELECTOR = YES;
				GCC_WARN_UNINITIALIZED_AUTOS = YES_AGGRESSIVE;
				GCC_WARN_UNUSED_FUNCTION = YES;
				GCC_WARN_UNUSED_VARIABLE = YES;
				HEADER_SEARCH_PATHS = (
					"$(inherited)",
					/Applications/Xcode.app/Contents/Developer/Toolchains/XcodeDefault.xctoolchain/usr/include,
					"$(SRCROOT)/../node_modules/react-native/React/**",
					"$(SRCROOT)/../node_modules/react-native-image-picker/ios",
					"$(SRCROOT)/../node_modules/react-native-vector-icons/RNVectorIconsManager",
				);
				IPHONEOS_DEPLOYMENT_TARGET = 8.0;
				MTL_ENABLE_DEBUG_INFO = YES;
				ONLY_ACTIVE_ARCH = YES;
				SDKROOT = iphoneos;
			};
			name = Debug;
		};
		83CBBA211A601CBA00E9B192 /* Release */ = {
			isa = XCBuildConfiguration;
			buildSettings = {
				ALWAYS_SEARCH_USER_PATHS = NO;
				CLANG_CXX_LANGUAGE_STANDARD = "gnu++0x";
				CLANG_CXX_LIBRARY = "libc++";
				CLANG_ENABLE_MODULES = YES;
				CLANG_ENABLE_OBJC_ARC = YES;
				CLANG_WARN_BOOL_CONVERSION = YES;
				CLANG_WARN_CONSTANT_CONVERSION = YES;
				CLANG_WARN_DIRECT_OBJC_ISA_USAGE = YES_ERROR;
				CLANG_WARN_EMPTY_BODY = YES;
				CLANG_WARN_ENUM_CONVERSION = YES;
				CLANG_WARN_INT_CONVERSION = YES;
				CLANG_WARN_OBJC_ROOT_CLASS = YES_ERROR;
				CLANG_WARN_UNREACHABLE_CODE = YES;
				CLANG_WARN__DUPLICATE_METHOD_MATCH = YES;
				"CODE_SIGN_IDENTITY[sdk=iphoneos*]" = "iPhone Developer";
				COPY_PHASE_STRIP = YES;
				ENABLE_NS_ASSERTIONS = NO;
				ENABLE_STRICT_OBJC_MSGSEND = YES;
				GCC_C_LANGUAGE_STANDARD = gnu99;
				GCC_WARN_64_TO_32_BIT_CONVERSION = YES;
				GCC_WARN_ABOUT_RETURN_TYPE = YES_ERROR;
				GCC_WARN_UNDECLARED_SELECTOR = YES;
				GCC_WARN_UNINITIALIZED_AUTOS = YES_AGGRESSIVE;
				GCC_WARN_UNUSED_FUNCTION = YES;
				GCC_WARN_UNUSED_VARIABLE = YES;
				HEADER_SEARCH_PATHS = (
					"$(inherited)",
					/Applications/Xcode.app/Contents/Developer/Toolchains/XcodeDefault.xctoolchain/usr/include,
					"$(SRCROOT)/../node_modules/react-native/React/**",
					"$(SRCROOT)/../node_modules/react-native-image-picker/ios",
					"$(SRCROOT)/../node_modules/react-native-vector-icons/RNVectorIconsManager",
				);
				IPHONEOS_DEPLOYMENT_TARGET = 8.0;
				MTL_ENABLE_DEBUG_INFO = NO;
				SDKROOT = iphoneos;
				VALIDATE_PRODUCT = YES;
			};
			name = Release;
		};
		E952AF801DE6BE010004C576 /* Debug */ = {
			isa = XCBuildConfiguration;
			buildSettings = {
				ASSETCATALOG_COMPILER_APPICON_NAME = AppIcon;
				CLANG_ANALYZER_NONNULL = YES;
				CLANG_WARN_DOCUMENTATION_COMMENTS = YES;
				CLANG_WARN_INFINITE_RECURSION = YES;
				CLANG_WARN_SUSPICIOUS_MOVES = YES;
				DEBUG_INFORMATION_FORMAT = dwarf;
				ENABLE_TESTABILITY = YES;
				GCC_NO_COMMON_BLOCKS = YES;
				INFOPLIST_FILE = <%= name %>/Info.plist;
				IPHONEOS_DEPLOYMENT_TARGET = 8.4;
				LD_RUNPATH_SEARCH_PATHS = "$(inherited) @executable_path/Frameworks";
				PRODUCT_BUNDLE_IDENTIFIER = com.backustech.apps.<%= name %>;
				PRODUCT_NAME = "$(TARGET_NAME)";
			};
			name = Debug;
		};
		E952AF811DE6BE010004C576 /* Release */ = {
			isa = XCBuildConfiguration;
			buildSettings = {
				ASSETCATALOG_COMPILER_APPICON_NAME = AppIcon;
				CLANG_ANALYZER_NONNULL = YES;
				CLANG_WARN_DOCUMENTATION_COMMENTS = YES;
				CLANG_WARN_INFINITE_RECURSION = YES;
				CLANG_WARN_SUSPICIOUS_MOVES = YES;
				COPY_PHASE_STRIP = NO;
				DEBUG_INFORMATION_FORMAT = "dwarf-with-dsym";
				GCC_NO_COMMON_BLOCKS = YES;
				INFOPLIST_FILE = <%= name %>/Info.plist;
				IPHONEOS_DEPLOYMENT_TARGET = 8.4;
				LD_RUNPATH_SEARCH_PATHS = "$(inherited) @executable_path/Frameworks";
				PRODUCT_BUNDLE_IDENTIFIER = com.backustech.apps.<%= name %>;
				PRODUCT_NAME = "$(TARGET_NAME)";
			};
			name = Release;
		};
/* End XCBuildConfiguration section */

/* Begin XCConfigurationList section */
		83CBB9FA1A601CBA00E9B192 /* Build configuration list for PBXProject "<%= name %>" */ = {
			isa = XCConfigurationList;
			buildConfigurations = (
				83CBBA201A601CBA00E9B192 /* Debug */,
				83CBBA211A601CBA00E9B192 /* Release */,
			);
			defaultConfigurationIsVisible = 0;
			defaultConfigurationName = Release;
		};
		E952AF7F1DE6BE010004C576 /* Build configuration list for PBXNativeTarget "<%= name %>" */ = {
			isa = XCConfigurationList;
			buildConfigurations = (
				E952AF801DE6BE010004C576 /* Debug */,
				E952AF811DE6BE010004C576 /* Release */,
			);
			defaultConfigurationIsVisible = 0;
			defaultConfigurationName = Release;
		};
/* End XCConfigurationList section */
	};
	rootObject = 83CBB9F71A601CBA00E9B192 /* Project object */;
}
